{
  "name": "fse-project-main",
  "lockfileVersion": 3,
  "requires": true,
  "packages": {
    "": {
      "dependencies": {
        "sonner": "^2.0.5"
      }
    },
    "node_modules/sonner": {
      "version": "2.0.5",
      "resolved": "https://registry.npmjs.org/sonner/-/sonner-2.0.5.tgz",
      "integrity": "sha512-YwbHQO6cSso3HBXlbCkgrgzDNIhws14r4MO87Ofy+cV2X7ES4pOoAK3+veSmVTvqNx1BWUxlhPmZzP00Crk2aQ==",
      "license": "MIT",
      "peerDependencies": {
        "react": "^18.0.0 || ^19.0.0 || ^19.0.0-rc",
        "react-dom": "^18.0.0 || ^19.0.0 || ^19.0.0-rc"
      }
    }
  }
}
